
Microsoft Visual Studio Solution File, Format Version 11.00
# Visual Studio 2010
Project("{8BC9CEB8-8B4A-11D0-8D11-00A0C91BC942}") = "GoIO_DLL", "GoIO_DLL.vcxproj", "{1139B78A-97B6-5E0B-90FC-01254C72B352}"
EndProject
Global
	GlobalSection(SolutionConfigurationPlatforms) = preSolution
		Debug|Win32 = Debug|Win32
		Release|Win32 = Release|Win32
	EndGlobalSection
	GlobalSection(ProjectConfigurationPlatforms) = postSolution
		{1139B78A-97B6-5E0B-90FC-01254C72B352}.Debug|Win32.ActiveCfg = Debug|Win32
		{1139B78A-97B6-5E0B-90FC-01254C72B352}.Debug|Win32.Build.0 = Debug|Win32
		{1139B78A-97B6-5E0B-90FC-01254C72B352}.Release|Win32.ActiveCfg = Release|Win32
		{1139B78A-97B6-5E0B-90FC-01254C72B352}.Release|Win32.Build.0 = Release|Win32
	EndGlobalSection
	GlobalSection(SolutionProperties) = preSolution
		HideSolutionNode = FALSE
	EndGlobalSection
EndGlobal
